
Microsoft Visual Studio Solution File, Format Version 12.00
# Visual Studio Version 17
VisualStudioVersion = 17.3.32922.545
MinimumVisualStudioVersion = 10.0.40219.1
Project("{FAE04EC0-301F-11D3-BF4B-00C04F79EFBC}") = "ChipzServer", "ChipzServer\ChipzServer.csproj", "{2556EE10-E843-4DFB-8586-F0421FD3AD78}"
EndProject
Project("{FAE04EC0-301F-11D3-BF4B-00C04F79EFBC}") = "ChipzClient", "ChipzClient\ChipzClient.csproj", "{73903F63-5EC8-476D-9B1E-21B716B86801}"
EndProject
Project("{FAE04EC0-301F-11D3-BF4B-00C04F79EFBC}") = "ChipzShared", "ChipzShared\ChipzShared.csproj", "{D5140625-5635-425F-ADB0-F1FFC80EF2BE}"
EndProject
Global
	GlobalSection(SolutionConfigurationPlatforms) = preSolution
		Debug|Any CPU = Debug|Any CPU
		Release|Any CPU = Release|Any CPU
	EndGlobalSection
	GlobalSection(ProjectConfigurationPlatforms) = postSolution
		{2556EE10-E843-4DFB-8586-F0421FD3AD78}.Debug|Any CPU.ActiveCfg = Debug|Any CPU
		{2556EE10-E843-4DFB-8586-F0421FD3AD78}.Debug|Any CPU.Build.0 = Debug|Any CPU
		{2556EE10-E843-4DFB-8586-F0421FD3AD78}.Release|Any CPU.ActiveCfg = Release|Any CPU
		{2556EE10-E843-4DFB-8586-F0421FD3AD78}.Release|Any CPU.Build.0 = Release|Any CPU
		{73903F63-5EC8-476D-9B1E-21B716B86801}.Debug|Any CPU.ActiveCfg = Debug|Any CPU
		{73903F63-5EC8-476D-9B1E-21B716B86801}.Debug|Any CPU.Build.0 = Debug|Any CPU
		{73903F63-5EC8-476D-9B1E-21B716B86801}.Release|Any CPU.ActiveCfg = Release|Any CPU
		{73903F63-5EC8-476D-9B1E-21B716B86801}.Release|Any CPU.Build.0 = Release|Any CPU
		{D5140625-5635-425F-ADB0-F1FFC80EF2BE}.Debug|Any CPU.ActiveCfg = Debug|Any CPU
		{D5140625-5635-425F-ADB0-F1FFC80EF2BE}.Debug|Any CPU.Build.0 = Debug|Any CPU
		{D5140625-5635-425F-ADB0-F1FFC80EF2BE}.Release|Any CPU.ActiveCfg = Release|Any CPU
		{D5140625-5635-425F-ADB0-F1FFC80EF2BE}.Release|Any CPU.Build.0 = Release|Any CPU
	EndGlobalSection
	GlobalSection(SolutionProperties) = preSolution
		HideSolutionNode = FALSE
	EndGlobalSection
	GlobalSection(ExtensibilityGlobals) = postSolution
		SolutionGuid = {15C17112-6C9E-40FA-B0A0-40333276CC84}
	EndGlobalSection
EndGlobal
