
Microsoft Visual Studio Solution File, Format Version 12.00
# Visual Studio Version 17
VisualStudioVersion = 17.3.32922.545
MinimumVisualStudioVersion = 10.0.40219.1
Project("{FAE04EC0-301F-11D3-BF4B-00C04F79EFBC}") = "Client", "ScriptableChipClient\Client.csproj", "{02D2FF12-D98E-4ECE-A727-D9EE64C3EF56}"
EndProject
Project("{9A19103F-16F7-4668-BE54-9A1E7A4F7556}") = "Server", "ScriptableChipServer\Server.csproj", "{F923256D-1F10-471D-980C-3F3B4C3A3EC4}"
EndProject
Project("{9A19103F-16F7-4668-BE54-9A1E7A4F7556}") = "Shared", "ScriptableChipShared\Shared.csproj", "{CDF8E708-2B1A-4F57-90BB-338799C1124D}"
EndProject
Global
	GlobalSection(SolutionConfigurationPlatforms) = preSolution
		Debug|Any CPU = Debug|Any CPU
		Release|Any CPU = Release|Any CPU
	EndGlobalSection
	GlobalSection(ProjectConfigurationPlatforms) = postSolution
		{02D2FF12-D98E-4ECE-A727-D9EE64C3EF56}.Debug|Any CPU.ActiveCfg = Debug|Any CPU
		{02D2FF12-D98E-4ECE-A727-D9EE64C3EF56}.Debug|Any CPU.Build.0 = Debug|Any CPU
		{02D2FF12-D98E-4ECE-A727-D9EE64C3EF56}.Release|Any CPU.ActiveCfg = Release|Any CPU
		{02D2FF12-D98E-4ECE-A727-D9EE64C3EF56}.Release|Any CPU.Build.0 = Release|Any CPU
		{F923256D-1F10-471D-980C-3F3B4C3A3EC4}.Debug|Any CPU.ActiveCfg = Debug|Any CPU
		{F923256D-1F10-471D-980C-3F3B4C3A3EC4}.Debug|Any CPU.Build.0 = Debug|Any CPU
		{F923256D-1F10-471D-980C-3F3B4C3A3EC4}.Release|Any CPU.ActiveCfg = Release|Any CPU
		{F923256D-1F10-471D-980C-3F3B4C3A3EC4}.Release|Any CPU.Build.0 = Release|Any CPU
		{CDF8E708-2B1A-4F57-90BB-338799C1124D}.Debug|Any CPU.ActiveCfg = Debug|Any CPU
		{CDF8E708-2B1A-4F57-90BB-338799C1124D}.Debug|Any CPU.Build.0 = Debug|Any CPU
		{CDF8E708-2B1A-4F57-90BB-338799C1124D}.Release|Any CPU.ActiveCfg = Release|Any CPU
		{CDF8E708-2B1A-4F57-90BB-338799C1124D}.Release|Any CPU.Build.0 = Release|Any CPU
	EndGlobalSection
	GlobalSection(SolutionProperties) = preSolution
		HideSolutionNode = FALSE
	EndGlobalSection
	GlobalSection(ExtensibilityGlobals) = postSolution
		SolutionGuid = {D3240A6D-9282-428E-B477-D5585BB5995E}
	EndGlobalSection
EndGlobal
